
Microsoft Visual Studio Solution File, Format Version 12.00
# Visual Studio Version 16
VisualStudioVersion = 16.0.29409.12
MinimumVisualStudioVersion = 10.0.40219.1
Project("{9A19103F-16F7-4668-BE54-9A1E7A4F7556}") = "DatabaseUtils", "DatabaseUtils\DatabaseUtils.csproj", "{B6F7BCFF-CE1D-43C4-BC7F-2D7819139C4A}"
EndProject
Project("{9A19103F-16F7-4668-BE54-9A1E7A4F7556}") = "Common", "Common\Common.csproj", "{32A97EC1-F9C6-4F27-8492-FB66E50F21C5}"
EndProject
Project("{9A19103F-16F7-4668-BE54-9A1E7A4F7556}") = "MyConsole", "MyConsole\MyConsole.csproj", "{B9F802B6-3609-4D1A-BF77-245660239FEB}"
EndProject
Project("{9A19103F-16F7-4668-BE54-9A1E7A4F7556}") = "EncryptTools", "EncryptTools\EncryptTools.csproj", "{71955DCF-60BC-42D3-B3E6-D4F9BABD12E0}"
EndProject
Project("{9A19103F-16F7-4668-BE54-9A1E7A4F7556}") = "Play", "Play\Play.csproj", "{B1D50469-ABD0-4269-938C-55C12649BBE4}"
EndProject
Global
	GlobalSection(SolutionConfigurationPlatforms) = preSolution
		Debug|Any CPU = Debug|Any CPU
		Release|Any CPU = Release|Any CPU
	EndGlobalSection
	GlobalSection(ProjectConfigurationPlatforms) = postSolution
		{B6F7BCFF-CE1D-43C4-BC7F-2D7819139C4A}.Debug|Any CPU.ActiveCfg = Debug|Any CPU
		{B6F7BCFF-CE1D-43C4-BC7F-2D7819139C4A}.Debug|Any CPU.Build.0 = Debug|Any CPU
		{B6F7BCFF-CE1D-43C4-BC7F-2D7819139C4A}.Release|Any CPU.ActiveCfg = Release|Any CPU
		{B6F7BCFF-CE1D-43C4-BC7F-2D7819139C4A}.Release|Any CPU.Build.0 = Release|Any CPU
		{32A97EC1-F9C6-4F27-8492-FB66E50F21C5}.Debug|Any CPU.ActiveCfg = Debug|Any CPU
		{32A97EC1-F9C6-4F27-8492-FB66E50F21C5}.Debug|Any CPU.Build.0 = Debug|Any CPU
		{32A97EC1-F9C6-4F27-8492-FB66E50F21C5}.Release|Any CPU.ActiveCfg = Release|Any CPU
		{32A97EC1-F9C6-4F27-8492-FB66E50F21C5}.Release|Any CPU.Build.0 = Release|Any CPU
		{B9F802B6-3609-4D1A-BF77-245660239FEB}.Debug|Any CPU.ActiveCfg = Debug|Any CPU
		{B9F802B6-3609-4D1A-BF77-245660239FEB}.Debug|Any CPU.Build.0 = Debug|Any CPU
		{B9F802B6-3609-4D1A-BF77-245660239FEB}.Release|Any CPU.ActiveCfg = Release|Any CPU
		{B9F802B6-3609-4D1A-BF77-245660239FEB}.Release|Any CPU.Build.0 = Release|Any CPU
		{71955DCF-60BC-42D3-B3E6-D4F9BABD12E0}.Debug|Any CPU.ActiveCfg = Debug|Any CPU
		{71955DCF-60BC-42D3-B3E6-D4F9BABD12E0}.Debug|Any CPU.Build.0 = Debug|Any CPU
		{71955DCF-60BC-42D3-B3E6-D4F9BABD12E0}.Release|Any CPU.ActiveCfg = Release|Any CPU
		{71955DCF-60BC-42D3-B3E6-D4F9BABD12E0}.Release|Any CPU.Build.0 = Release|Any CPU
		{B1D50469-ABD0-4269-938C-55C12649BBE4}.Debug|Any CPU.ActiveCfg = Debug|Any CPU
		{B1D50469-ABD0-4269-938C-55C12649BBE4}.Debug|Any CPU.Build.0 = Debug|Any CPU
		{B1D50469-ABD0-4269-938C-55C12649BBE4}.Release|Any CPU.ActiveCfg = Release|Any CPU
		{B1D50469-ABD0-4269-938C-55C12649BBE4}.Release|Any CPU.Build.0 = Release|Any CPU
	EndGlobalSection
	GlobalSection(SolutionProperties) = preSolution
		HideSolutionNode = FALSE
	EndGlobalSection
	GlobalSection(ExtensibilityGlobals) = postSolution
		SolutionGuid = {9A851AB5-79E6-4407-82B3-0360514B9656}
	EndGlobalSection
EndGlobal
